// !$*UTF8*$!
{
	archiveVersion = 1;
	classes = {
	};
	objectVersion = 70;
	objects = {

/* Begin PBXBuildFile section */
		AC99B7462C2CDD85000DBC03 /* WatchNotesApp Watch App.app in Embed Watch Content */ = {isa = PBXBuildFile; fileRef = AC99B7452C2CDD85000DBC03 /* WatchNotesApp Watch App.app */; settings = {ATTRIBUTES = (RemoveHeadersOnCopy, ); }; };
		AC99B7522C2CDD86000DBC03 /* Preview Assets.xcassets in Resources */ = {isa = PBXBuildFile; fileRef = AC99B7512C2CDD86000DBC03 /* Preview Assets.xcassets */; };
/* End PBXBuildFile section */

/* Begin PBXContainerItemProxy section */
		AC99B7472C2CDD85000DBC03 /* PBXContainerItemProxy */ = {
			isa = PBXContainerItemProxy;
			containerPortal = AC99B72D2C2CDD84000DBC03 /* Project object */;
			proxyType = 1;
			remoteGlobalIDString = AC99B7442C2CDD85000DBC03;
			remoteInfo = "WatchNotesApp Watch App";
		};
/* End PBXContainerItemProxy section */

/* Begin PBXCopyFilesBuildPhase section */
		AC99B7582C2CDD86000DBC03 /* Embed Watch Content */ = {
			isa = PBXCopyFilesBuildPhase;
			buildActionMask = 2147483647;
			dstPath = "$(CONTENTS_FOLDER_PATH)/Watch";
			dstSubfolderSpec = 16;
			files = (
				AC99B7462C2CDD85000DBC03 /* WatchNotesApp Watch App.app in Embed Watch Content */,
			);
			name = "Embed Watch Content";
			runOnlyForDeploymentPostprocessing = 0;
		};
/* End PBXCopyFilesBuildPhase section */

/* Begin PBXFileReference section */
		AC244A1E2C2D8DEE00E75DD7 /* WatchNotesApp Watch App.entitlements */ = {isa = PBXFileReference; lastKnownFileType = text.plist.entitlements; path = "WatchNotesApp Watch App.entitlements"; sourceTree = "<group>"; };
		AC244A1F2C2D8E1400E75DD7 /* WatchNotesApp.entitlements */ = {isa = PBXFileReference; lastKnownFileType = text.plist.entitlements; path = WatchNotesApp.entitlements; sourceTree = "<group>"; };
		AC244A202C2D8EE600E75DD7 /* Info.plist */ = {isa = PBXFileReference; lastKnownFileType = text.plist; path = Info.plist; sourceTree = "<group>"; };
		AC99B7352C2CDD84000DBC03 /* WatchNotesApp.app */ = {isa = PBXFileReference; explicitFileType = wrapper.application; includeInIndex = 0; path = WatchNotesApp.app; sourceTree = BUILT_PRODUCTS_DIR; };
		AC99B7452C2CDD85000DBC03 /* WatchNotesApp Watch App.app */ = {isa = PBXFileReference; explicitFileType = wrapper.application; includeInIndex = 0; path = "WatchNotesApp Watch App.app"; sourceTree = BUILT_PRODUCTS_DIR; };
		AC99B7512C2CDD86000DBC03 /* Preview Assets.xcassets */ = {isa = PBXFileReference; lastKnownFileType = folder.assetcatalog; path = "Preview Assets.xcassets"; sourceTree = "<group>"; };
/* End PBXFileReference section */

/* Begin PBXFileSystemSynchronizedBuildFileExceptionSet section */
		AC244A292C2DDA0800E75DD7 /* PBXFileSystemSynchronizedBuildFileExceptionSet */ = {
			isa = PBXFileSystemSynchronizedBuildFileExceptionSet;
			membershipExceptions = (
				CloudDefaultsWrapper.swift,
			);
			target = AC99B7442C2CDD85000DBC03 /* WatchNotesApp Watch App */;
		};
		AC99B7602C2CDDAB000DBC03 /* PBXFileSystemSynchronizedBuildFileExceptionSet */ = {
			isa = PBXFileSystemSynchronizedBuildFileExceptionSet;
			membershipExceptions = (
				Assets.xcassets,
				CloudDefaultsWrapper.swift,
				WatchNotesAppApp.swift,
			);
			target = AC99B7342C2CDD84000DBC03 /* WatchNotesApp */;
		};
		AC99B7672C2CDDCF000DBC03 /* PBXFileSystemSynchronizedBuildFileExceptionSet */ = {
			isa = PBXFileSystemSynchronizedBuildFileExceptionSet;
			membershipExceptions = (
				Note.swift,
				SubNote.swift,
			);
			target = AC99B7342C2CDD84000DBC03 /* WatchNotesApp */;
		};
		AC99B76F2C2CDDFE000DBC03 /* PBXFileSystemSynchronizedBuildFileExceptionSet */ = {
			isa = PBXFileSystemSynchronizedBuildFileExceptionSet;
			membershipExceptions = (
				NoteViewModel.swift,
				SubNoteViewModel.swift,
			);
			target = AC99B7342C2CDD84000DBC03 /* WatchNotesApp */;
		};
		AC99B7772C2CDE2F000DBC03 /* PBXFileSystemSynchronizedBuildFileExceptionSet */ = {
			isa = PBXFileSystemSynchronizedBuildFileExceptionSet;
			membershipExceptions = (
				"Preview Assets.xcassets",
			);
			target = AC99B7342C2CDD84000DBC03 /* WatchNotesApp */;
		};
		AC99B77B2C2CDE41000DBC03 /* PBXFileSystemSynchronizedBuildFileExceptionSet */ = {
			isa = PBXFileSystemSynchronizedBuildFileExceptionSet;
			membershipExceptions = (
				CreateNoteView.swift,
				CreateSubNoteView.swift,
				EditNoteView.swift,
				EditSubNoteView.swift,
				HomeView.swift,
				NoteDetailView.swift,
				SubNoteDetailView.swift,
			);
			target = AC99B7342C2CDD84000DBC03 /* WatchNotesApp */;
		};
		AC99B7922C2CDFFE000DBC03 /* PBXFileSystemSynchronizedBuildFileExceptionSet */ = {
			isa = PBXFileSystemSynchronizedBuildFileExceptionSet;
			membershipExceptions = (
				Assets.xcassets,
				WatchNotesAppApp.swift,
			);
			target = AC99B7442C2CDD85000DBC03 /* WatchNotesApp Watch App */;
		};
		AC99B7932C2CE00A000DBC03 /* PBXFileSystemSynchronizedBuildFileExceptionSet */ = {
			isa = PBXFileSystemSynchronizedBuildFileExceptionSet;
			membershipExceptions = (
				HomeView.swift,
				NoteDetailView.swift,
				SubNoteDetailView.swift,
			);
			target = AC99B7442C2CDD85000DBC03 /* WatchNotesApp Watch App */;
		};
		AC99B7952C2D141C000DBC03 /* PBXFileSystemSynchronizedBuildFileExceptionSet */ = {
			isa = PBXFileSystemSynchronizedBuildFileExceptionSet;
			membershipExceptions = (
				NoteViewModel.swift,
				SubNoteViewModel.swift,
			);
			target = AC99B7442C2CDD85000DBC03 /* WatchNotesApp Watch App */;
		};
		AC99B79B2C2D14D2000DBC03 /* PBXFileSystemSynchronizedBuildFileExceptionSet */ = {
			isa = PBXFileSystemSynchronizedBuildFileExceptionSet;
			membershipExceptions = (
				Note.swift,
				SubNote.swift,
			);
			target = AC99B7442C2CDD85000DBC03 /* WatchNotesApp Watch App */;
		};
/* End PBXFileSystemSynchronizedBuildFileExceptionSet section */

/* Begin PBXFileSystemSynchronizedRootGroup section */
		AC99B75C2C2CDD90000DBC03 /* Models */ = {isa = PBXFileSystemSynchronizedRootGroup; exceptions = (AC99B7672C2CDDCF000DBC03 /* PBXFileSystemSynchronizedBuildFileExceptionSet */, AC99B79B2C2D14D2000DBC03 /* PBXFileSystemSynchronizedBuildFileExceptionSet */, ); explicitFileTypes = {}; explicitFolders = (); path = Models; sourceTree = "<group>"; };
		AC99B75D2C2CDD94000DBC03 /* Views */ = {isa = PBXFileSystemSynchronizedRootGroup; exceptions = (AC99B77B2C2CDE41000DBC03 /* PBXFileSystemSynchronizedBuildFileExceptionSet */, ); explicitFileTypes = {}; explicitFolders = (); path = Views; sourceTree = "<group>"; };
		AC99B75E2C2CDD9D000DBC03 /* ViewModels */ = {isa = PBXFileSystemSynchronizedRootGroup; exceptions = (AC99B76F2C2CDDFE000DBC03 /* PBXFileSystemSynchronizedBuildFileExceptionSet */, AC99B7952C2D141C000DBC03 /* PBXFileSystemSynchronizedBuildFileExceptionSet */, ); explicitFileTypes = {}; explicitFolders = (); path = ViewModels; sourceTree = "<group>"; };
		AC99B75F2C2CDDA1000DBC03 /* Others */ = {isa = PBXFileSystemSynchronizedRootGroup; exceptions = (AC99B7602C2CDDAB000DBC03 /* PBXFileSystemSynchronizedBuildFileExceptionSet */, AC244A292C2DDA0800E75DD7 /* PBXFileSystemSynchronizedBuildFileExceptionSet */, ); explicitFileTypes = {}; explicitFolders = (); path = Others; sourceTree = "<group>"; };
		AC99B7752C2CDE2F000DBC03 /* Preview Content */ = {isa = PBXFileSystemSynchronizedRootGroup; exceptions = (AC99B7772C2CDE2F000DBC03 /* PBXFileSystemSynchronizedBuildFileExceptionSet */, ); explicitFileTypes = {}; explicitFolders = (); path = "Preview Content"; sourceTree = "<group>"; };
		AC99B7902C2CDFF5000DBC03 /* Views */ = {isa = PBXFileSystemSynchronizedRootGroup; exceptions = (AC99B7932C2CE00A000DBC03 /* PBXFileSystemSynchronizedBuildFileExceptionSet */, ); explicitFileTypes = {}; explicitFolders = (); path = Views; sourceTree = "<group>"; };
		AC99B7912C2CDFFB000DBC03 /* Others */ = {isa = PBXFileSystemSynchronizedRootGroup; exceptions = (AC99B7922C2CDFFE000DBC03 /* PBXFileSystemSynchronizedBuildFileExceptionSet */, ); explicitFileTypes = {}; explicitFolders = (); path = Others; sourceTree = "<group>"; };
/* End PBXFileSystemSynchronizedRootGroup section */

/* Begin PBXFrameworksBuildPhase section */
		AC99B7322C2CDD84000DBC03 /* Frameworks */ = {
			isa = PBXFrameworksBuildPhase;
			buildActionMask = 2147483647;
			files = (
			);
			runOnlyForDeploymentPostprocessing = 0;
		};
		AC99B7422C2CDD85000DBC03 /* Frameworks */ = {
			isa = PBXFrameworksBuildPhase;
			buildActionMask = 2147483647;
			files = (
			);
			runOnlyForDeploymentPostprocessing = 0;
		};
/* End PBXFrameworksBuildPhase section */

/* Begin PBXGroup section */
		AC99B72C2C2CDD84000DBC03 = {
			isa = PBXGroup;
			children = (
				AC99B7372C2CDD84000DBC03 /* WatchNotesApp */,
				AC99B7492C2CDD85000DBC03 /* WatchNotesApp Watch App */,
				AC99B7362C2CDD84000DBC03 /* Products */,
			);
			sourceTree = "<group>";
		};
		AC99B7362C2CDD84000DBC03 /* Products */ = {
			isa = PBXGroup;
			children = (
				AC99B7352C2CDD84000DBC03 /* WatchNotesApp.app */,
				AC99B7452C2CDD85000DBC03 /* WatchNotesApp Watch App.app */,
			);
			name = Products;
			sourceTree = "<group>";
		};
		AC99B7372C2CDD84000DBC03 /* WatchNotesApp */ = {
			isa = PBXGroup;
			children = (
				AC244A202C2D8EE600E75DD7 /* Info.plist */,
				AC244A1F2C2D8E1400E75DD7 /* WatchNotesApp.entitlements */,
				AC99B75F2C2CDDA1000DBC03 /* Others */,
				AC99B75E2C2CDD9D000DBC03 /* ViewModels */,
				AC99B75D2C2CDD94000DBC03 /* Views */,
				AC99B75C2C2CDD90000DBC03 /* Models */,
				AC99B7752C2CDE2F000DBC03 /* Preview Content */,
			);
			path = WatchNotesApp;
			sourceTree = "<group>";
		};
		AC99B7492C2CDD85000DBC03 /* WatchNotesApp Watch App */ = {
			isa = PBXGroup;
			children = (
				AC244A1E2C2D8DEE00E75DD7 /* WatchNotesApp Watch App.entitlements */,
				AC99B7912C2CDFFB000DBC03 /* Others */,
				AC99B7902C2CDFF5000DBC03 /* Views */,
				AC99B7502C2CDD86000DBC03 /* Preview Content */,
			);
			path = "WatchNotesApp Watch App";
			sourceTree = "<group>";
		};
		AC99B7502C2CDD86000DBC03 /* Preview Content */ = {
			isa = PBXGroup;
			children = (
				AC99B7512C2CDD86000DBC03 /* Preview Assets.xcassets */,
			);
			path = "Preview Content";
			sourceTree = "<group>";
		};
/* End PBXGroup section */

/* Begin PBXNativeTarget section */
		AC99B7342C2CDD84000DBC03 /* WatchNotesApp */ = {
			isa = PBXNativeTarget;
			buildConfigurationList = AC99B7592C2CDD86000DBC03 /* Build configuration list for PBXNativeTarget "WatchNotesApp" */;
			buildPhases = (
				AC99B7312C2CDD84000DBC03 /* Sources */,
				AC99B7322C2CDD84000DBC03 /* Frameworks */,
				AC99B7332C2CDD84000DBC03 /* Resources */,
				AC99B7582C2CDD86000DBC03 /* Embed Watch Content */,
			);
			buildRules = (
			);
			dependencies = (
				AC99B7482C2CDD85000DBC03 /* PBXTargetDependency */,
			);
			name = WatchNotesApp;
			productName = WatchNotesApp;
			productReference = AC99B7352C2CDD84000DBC03 /* WatchNotesApp.app */;
			productType = "com.apple.product-type.application";
		};
		AC99B7442C2CDD85000DBC03 /* WatchNotesApp Watch App */ = {
			isa = PBXNativeTarget;
			buildConfigurationList = AC99B7552C2CDD86000DBC03 /* Build configuration list for PBXNativeTarget "WatchNotesApp Watch App" */;
			buildPhases = (
				AC99B7412C2CDD85000DBC03 /* Sources */,
				AC99B7422C2CDD85000DBC03 /* Frameworks */,
				AC99B7432C2CDD85000DBC03 /* Resources */,
			);
			buildRules = (
			);
			dependencies = (
			);
			name = "WatchNotesApp Watch App";
			productName = "WatchNotesApp Watch App";
			productReference = AC99B7452C2CDD85000DBC03 /* WatchNotesApp Watch App.app */;
			productType = "com.apple.product-type.application";
		};
/* End PBXNativeTarget section */

/* Begin PBXProject section */
		AC99B72D2C2CDD84000DBC03 /* Project object */ = {
			isa = PBXProject;
			attributes = {
				BuildIndependentTargetsInParallel = 1;
				LastSwiftUpdateCheck = 1600;
				LastUpgradeCheck = 1600;
				TargetAttributes = {
					AC99B7342C2CDD84000DBC03 = {
						CreatedOnToolsVersion = 16.0;
					};
					AC99B7442C2CDD85000DBC03 = {
						CreatedOnToolsVersion = 16.0;
					};
				};
			};
			buildConfigurationList = AC99B7302C2CDD84000DBC03 /* Build configuration list for PBXProject "WatchNotesApp" */;
			compatibilityVersion = "Xcode 15.0";
			developmentRegion = en;
			hasScannedForEncodings = 0;
			knownRegions = (
				en,
				Base,
			);
			mainGroup = AC99B72C2C2CDD84000DBC03;
			productRefGroup = AC99B7362C2CDD84000DBC03 /* Products */;
			projectDirPath = "";
			projectRoot = "";
			targets = (
				AC99B7342C2CDD84000DBC03 /* WatchNotesApp */,
				AC99B7442C2CDD85000DBC03 /* WatchNotesApp Watch App */,
			);
		};
/* End PBXProject section */

/* Begin PBXResourcesBuildPhase section */
		AC99B7332C2CDD84000DBC03 /* Resources */ = {
			isa = PBXResourcesBuildPhase;
			buildActionMask = 2147483647;
			files = (
			);
			runOnlyForDeploymentPostprocessing = 0;
		};
		AC99B7432C2CDD85000DBC03 /* Resources */ = {
			isa = PBXResourcesBuildPhase;
			buildActionMask = 2147483647;
			files = (
				AC99B7522C2CDD86000DBC03 /* Preview Assets.xcassets in Resources */,
			);
			runOnlyForDeploymentPostprocessing = 0;
		};
/* End PBXResourcesBuildPhase section */

/* Begin PBXSourcesBuildPhase section */
		AC99B7312C2CDD84000DBC03 /* Sources */ = {
			isa = PBXSourcesBuildPhase;
			buildActionMask = 2147483647;
			files = (
			);
			runOnlyForDeploymentPostprocessing = 0;
		};
		AC99B7412C2CDD85000DBC03 /* Sources */ = {
			isa = PBXSourcesBuildPhase;
			buildActionMask = 2147483647;
			files = (
			);
			runOnlyForDeploymentPostprocessing = 0;
		};
/* End PBXSourcesBuildPhase section */

/* Begin PBXTargetDependency section */
		AC99B7482C2CDD85000DBC03 /* PBXTargetDependency */ = {
			isa = PBXTargetDependency;
			target = AC99B7442C2CDD85000DBC03 /* WatchNotesApp Watch App */;
			targetProxy = AC99B7472C2CDD85000DBC03 /* PBXContainerItemProxy */;
		};
/* End PBXTargetDependency section */

/* Begin XCBuildConfiguration section */
		AC99B7532C2CDD86000DBC03 /* Debug */ = {
			isa = XCBuildConfiguration;
			buildSettings = {
				ALWAYS_SEARCH_USER_PATHS = NO;
				ASSETCATALOG_COMPILER_GENERATE_SWIFT_ASSET_SYMBOL_EXTENSIONS = YES;
				CLANG_ANALYZER_NONNULL = YES;
				CLANG_ANALYZER_NUMBER_OBJECT_CONVERSION = YES_AGGRESSIVE;
				CLANG_CXX_LANGUAGE_STANDARD = "gnu++20";
				CLANG_ENABLE_MODULES = YES;
				CLANG_ENABLE_OBJC_ARC = YES;
				CLANG_ENABLE_OBJC_WEAK = YES;
				CLANG_WARN_BLOCK_CAPTURE_AUTORELEASING = YES;
				CLANG_WARN_BOOL_CONVERSION = YES;
				CLANG_WARN_COMMA = YES;
				CLANG_WARN_CONSTANT_CONVERSION = YES;
				CLANG_WARN_DEPRECATED_OBJC_IMPLEMENTATIONS = YES;
				CLANG_WARN_DIRECT_OBJC_ISA_USAGE = YES_ERROR;
				CLANG_WARN_DOCUMENTATION_COMMENTS = YES;
				CLANG_WARN_EMPTY_BODY = YES;
				CLANG_WARN_ENUM_CONVERSION = YES;
				CLANG_WARN_INFINITE_RECURSION = YES;
				CLANG_WARN_INT_CONVERSION = YES;
				CLANG_WARN_NON_LITERAL_NULL_CONVERSION = YES;
				CLANG_WARN_OBJC_IMPLICIT_RETAIN_SELF = YES;
				CLANG_WARN_OBJC_LITERAL_CONVERSION = YES;
				CLANG_WARN_OBJC_ROOT_CLASS = YES_ERROR;
				CLANG_WARN_QUOTED_INCLUDE_IN_FRAMEWORK_HEADER = YES;
				CLANG_WARN_RANGE_LOOP_ANALYSIS = YES;
				CLANG_WARN_STRICT_PROTOTYPES = YES;
				CLANG_WARN_SUSPICIOUS_MOVE = YES;
				CLANG_WARN_UNGUARDED_AVAILABILITY = YES_AGGRESSIVE;
				CLANG_WARN_UNREACHABLE_CODE = YES;
				CLANG_WARN__DUPLICATE_METHOD_MATCH = YES;
				COPY_PHASE_STRIP = NO;
				DEBUG_INFORMATION_FORMAT = dwarf;
				ENABLE_STRICT_OBJC_MSGSEND = YES;
				ENABLE_TESTABILITY = YES;
				ENABLE_USER_SCRIPT_SANDBOXING = YES;
				GCC_C_LANGUAGE_STANDARD = gnu17;
				GCC_DYNAMIC_NO_PIC = NO;
				GCC_NO_COMMON_BLOCKS = YES;
				GCC_OPTIMIZATION_LEVEL = 0;
				GCC_PREPROCESSOR_DEFINITIONS = (
					"DEBUG=1",
					"$(inherited)",
				);
				GCC_WARN_64_TO_32_BIT_CONVERSION = YES;
				GCC_WARN_ABOUT_RETURN_TYPE = YES_ERROR;
				GCC_WARN_UNDECLARED_SELECTOR = YES;
				GCC_WARN_UNINITIALIZED_AUTOS = YES_AGGRESSIVE;
				GCC_WARN_UNUSED_FUNCTION = YES;
				GCC_WARN_UNUSED_VARIABLE = YES;
				LOCALIZATION_PREFERS_STRING_CATALOGS = YES;
				MTL_ENABLE_DEBUG_INFO = INCLUDE_SOURCE;
				MTL_FAST_MATH = YES;
				ONLY_ACTIVE_ARCH = YES;
				SWIFT_ACTIVE_COMPILATION_CONDITIONS = "DEBUG $(inherited)";
				SWIFT_OPTIMIZATION_LEVEL = "-Onone";
			};
			name = Debug;
		};
		AC99B7542C2CDD86000DBC03 /* Release */ = {
			isa = XCBuildConfiguration;
			buildSettings = {
				ALWAYS_SEARCH_USER_PATHS = NO;
				ASSETCATALOG_COMPILER_GENERATE_SWIFT_ASSET_SYMBOL_EXTENSIONS = YES;
				CLANG_ANALYZER_NONNULL = YES;
				CLANG_ANALYZER_NUMBER_OBJECT_CONVERSION = YES_AGGRESSIVE;
				CLANG_CXX_LANGUAGE_STANDARD = "gnu++20";
				CLANG_ENABLE_MODULES = YES;
				CLANG_ENABLE_OBJC_ARC = YES;
				CLANG_ENABLE_OBJC_WEAK = YES;
				CLANG_WARN_BLOCK_CAPTURE_AUTORELEASING = YES;
				CLANG_WARN_BOOL_CONVERSION = YES;
				CLANG_WARN_COMMA = YES;
				CLANG_WARN_CONSTANT_CONVERSION = YES;
				CLANG_WARN_DEPRECATED_OBJC_IMPLEMENTATIONS = YES;
				CLANG_WARN_DIRECT_OBJC_ISA_USAGE = YES_ERROR;
				CLANG_WARN_DOCUMENTATION_COMMENTS = YES;
				CLANG_WARN_EMPTY_BODY = YES;
				CLANG_WARN_ENUM_CONVERSION = YES;
				CLANG_WARN_INFINITE_RECURSION = YES;
				CLANG_WARN_INT_CONVERSION = YES;
				CLANG_WARN_NON_LITERAL_NULL_CONVERSION = YES;
				CLANG_WARN_OBJC_IMPLICIT_RETAIN_SELF = YES;
				CLANG_WARN_OBJC_LITERAL_CONVERSION = YES;
				CLANG_WARN_OBJC_ROOT_CLASS = YES_ERROR;
				CLANG_WARN_QUOTED_INCLUDE_IN_FRAMEWORK_HEADER = YES;
				CLANG_WARN_RANGE_LOOP_ANALYSIS = YES;
				CLANG_WARN_STRICT_PROTOTYPES = YES;
				CLANG_WARN_SUSPICIOUS_MOVE = YES;
				CLANG_WARN_UNGUARDED_AVAILABILITY = YES_AGGRESSIVE;
				CLANG_WARN_UNREACHABLE_CODE = YES;
				CLANG_WARN__DUPLICATE_METHOD_MATCH = YES;
				COPY_PHASE_STRIP = NO;
				DEBUG_INFORMATION_FORMAT = "dwarf-with-dsym";
				ENABLE_NS_ASSERTIONS = NO;
				ENABLE_STRICT_OBJC_MSGSEND = YES;
				ENABLE_USER_SCRIPT_SANDBOXING = YES;
				GCC_C_LANGUAGE_STANDARD = gnu17;
				GCC_NO_COMMON_BLOCKS = YES;
				GCC_WARN_64_TO_32_BIT_CONVERSION = YES;
				GCC_WARN_ABOUT_RETURN_TYPE = YES_ERROR;
				GCC_WARN_UNDECLARED_SELECTOR = YES;
				GCC_WARN_UNINITIALIZED_AUTOS = YES_AGGRESSIVE;
				GCC_WARN_UNUSED_FUNCTION = YES;
				GCC_WARN_UNUSED_VARIABLE = YES;
				LOCALIZATION_PREFERS_STRING_CATALOGS = YES;
				MTL_ENABLE_DEBUG_INFO = NO;
				MTL_FAST_MATH = YES;
				SWIFT_COMPILATION_MODE = wholemodule;
			};
			name = Release;
		};
		AC99B7562C2CDD86000DBC03 /* Debug */ = {
			isa = XCBuildConfiguration;
			buildSettings = {
				ASSETCATALOG_COMPILER_APPICON_NAME = AppIcon;
				ASSETCATALOG_COMPILER_GLOBAL_ACCENT_COLOR_NAME = AccentColor;
				CODE_SIGN_ENTITLEMENTS = "WatchNotesApp Watch App/WatchNotesApp Watch App.entitlements";
				CODE_SIGN_STYLE = Automatic;
				CURRENT_PROJECT_VERSION = 1;
				DEVELOPMENT_ASSET_PATHS = "\"WatchNotesApp Watch App/Preview Content\"";
				DEVELOPMENT_TEAM = G7LM3WCU98;
				ENABLE_PREVIEWS = YES;
				GENERATE_INFOPLIST_FILE = YES;
				INFOPLIST_KEY_CFBundleDisplayName = WatchNotesApp;
				INFOPLIST_KEY_UISupportedInterfaceOrientations = "UIInterfaceOrientationPortrait UIInterfaceOrientationPortraitUpsideDown";
				INFOPLIST_KEY_WKCompanionAppBundleIdentifier = lucasleone.WatchNotesApp;
				LD_RUNPATH_SEARCH_PATHS = (
					"$(inherited)",
					"@executable_path/Frameworks",
				);
				MARKETING_VERSION = 1.0;
				PRODUCT_BUNDLE_IDENTIFIER = lucasleone.WatchNotesApp.watchkitapp;
				PRODUCT_NAME = "$(TARGET_NAME)";
				SDKROOT = watchos;
				SKIP_INSTALL = YES;
				SWIFT_EMIT_LOC_STRINGS = YES;
				SWIFT_VERSION = 5.0;
				TARGETED_DEVICE_FAMILY = 4;
				WATCHOS_DEPLOYMENT_TARGET = 11.0;
			};
			name = Debug;
		};
		AC99B7572C2CDD86000DBC03 /* Release */ = {
			isa = XCBuildConfiguration;
			buildSettings = {
				ASSETCATALOG_COMPILER_APPICON_NAME = AppIcon;
				ASSETCATALOG_COMPILER_GLOBAL_ACCENT_COLOR_NAME = AccentColor;
				CODE_SIGN_ENTITLEMENTS = "WatchNotesApp Watch App/WatchNotesApp Watch App.entitlements";
				CODE_SIGN_STYLE = Automatic;
				CURRENT_PROJECT_VERSION = 1;
				DEVELOPMENT_ASSET_PATHS = "\"WatchNotesApp Watch App/Preview Content\"";
				DEVELOPMENT_TEAM = G7LM3WCU98;
				ENABLE_PREVIEWS = YES;
				GENERATE_INFOPLIST_FILE = YES;
				INFOPLIST_KEY_CFBundleDisplayName = WatchNotesApp;
				INFOPLIST_KEY_UISupportedInterfaceOrientations = "UIInterfaceOrientationPortrait UIInterfaceOrientationPortraitUpsideDown";
				INFOPLIST_KEY_WKCompanionAppBundleIdentifier = lucasleone.WatchNotesApp;
				LD_RUNPATH_SEARCH_PATHS = (
					"$(inherited)",
					"@executable_path/Frameworks",
				);
				MARKETING_VERSION = 1.0;
				PRODUCT_BUNDLE_IDENTIFIER = lucasleone.WatchNotesApp.watchkitapp;
				PRODUCT_NAME = "$(TARGET_NAME)";
				SDKROOT = watchos;
				SKIP_INSTALL = YES;
				SWIFT_EMIT_LOC_STRINGS = YES;
				SWIFT_VERSION = 5.0;
				TARGETED_DEVICE_FAMILY = 4;
				VALIDATE_PRODUCT = YES;
				WATCHOS_DEPLOYMENT_TARGET = 11.0;
			};
			name = Release;
		};
		AC99B75A2C2CDD86000DBC03 /* Debug */ = {
			isa = XCBuildConfiguration;
			buildSettings = {
				ASSETCATALOG_COMPILER_APPICON_NAME = AppIcon;
				ASSETCATALOG_COMPILER_GLOBAL_ACCENT_COLOR_NAME = AccentColor;
				CODE_SIGN_ENTITLEMENTS = WatchNotesApp/WatchNotesApp.entitlements;
				CODE_SIGN_STYLE = Automatic;
				CURRENT_PROJECT_VERSION = 1;
				DEVELOPMENT_ASSET_PATHS = "\"WatchNotesApp/Preview Content\"";
				DEVELOPMENT_TEAM = G7LM3WCU98;
				ENABLE_PREVIEWS = YES;
				GENERATE_INFOPLIST_FILE = YES;
				INFOPLIST_FILE = WatchNotesApp/Info.plist;
				INFOPLIST_KEY_CFBundleDisplayName = WatchNotesApp;
				INFOPLIST_KEY_UIApplicationSceneManifest_Generation = YES;
				INFOPLIST_KEY_UIApplicationSupportsIndirectInputEvents = YES;
				INFOPLIST_KEY_UILaunchScreen_Generation = YES;
				INFOPLIST_KEY_UISupportedInterfaceOrientations = UIInterfaceOrientationPortrait;
				INFOPLIST_KEY_UISupportedInterfaceOrientations_iPad = "UIInterfaceOrientationLandscapeLeft UIInterfaceOrientationLandscapeRight UIInterfaceOrientationPortrait UIInterfaceOrientationPortraitUpsideDown";
				IPHONEOS_DEPLOYMENT_TARGET = 18.0;
				LD_RUNPATH_SEARCH_PATHS = (
					"$(inherited)",
					"@executable_path/Frameworks",
				);
				MARKETING_VERSION = 1.0;
				PRODUCT_BUNDLE_IDENTIFIER = lucasleone.WatchNotesApp;
				PRODUCT_NAME = "$(TARGET_NAME)";
				SDKROOT = iphoneos;
				SUPPORTED_PLATFORMS = "iphoneos iphonesimulator";
				SUPPORTS_MACCATALYST = NO;
				SUPPORTS_MAC_DESIGNED_FOR_IPHONE_IPAD = NO;
				SUPPORTS_XR_DESIGNED_FOR_IPHONE_IPAD = NO;
				SWIFT_EMIT_LOC_STRINGS = YES;
				SWIFT_VERSION = 5.0;
				TARGETED_DEVICE_FAMILY = 1;
			};
			name = Debug;
		};
		AC99B75B2C2CDD86000DBC03 /* Release */ = {
			isa = XCBuildConfiguration;
			buildSettings = {
				ASSETCATALOG_COMPILER_APPICON_NAME = AppIcon;
				ASSETCATALOG_COMPILER_GLOBAL_ACCENT_COLOR_NAME = AccentColor;
				CODE_SIGN_ENTITLEMENTS = WatchNotesApp/WatchNotesApp.entitlements;
				CODE_SIGN_STYLE = Automatic;
				CURRENT_PROJECT_VERSION = 1;
				DEVELOPMENT_ASSET_PATHS = "\"WatchNotesApp/Preview Content\"";
				DEVELOPMENT_TEAM = G7LM3WCU98;
				ENABLE_PREVIEWS = YES;
				GENERATE_INFOPLIST_FILE = YES;
				INFOPLIST_FILE = WatchNotesApp/Info.plist;
				INFOPLIST_KEY_CFBundleDisplayName = WatchNotesApp;
				INFOPLIST_KEY_UIApplicationSceneManifest_Generation = YES;
				INFOPLIST_KEY_UIApplicationSupportsIndirectInputEvents = YES;
				INFOPLIST_KEY_UILaunchScreen_Generation = YES;
				INFOPLIST_KEY_UISupportedInterfaceOrientations = UIInterfaceOrientationPortrait;
				INFOPLIST_KEY_UISupportedInterfaceOrientations_iPad = "UIInterfaceOrientationLandscapeLeft UIInterfaceOrientationLandscapeRight UIInterfaceOrientationPortrait UIInterfaceOrientationPortraitUpsideDown";
				IPHONEOS_DEPLOYMENT_TARGET = 18.0;
				LD_RUNPATH_SEARCH_PATHS = (
					"$(inherited)",
					"@executable_path/Frameworks",
				);
				MARKETING_VERSION = 1.0;
				PRODUCT_BUNDLE_IDENTIFIER = lucasleone.WatchNotesApp;
				PRODUCT_NAME = "$(TARGET_NAME)";
				SDKROOT = iphoneos;
				SUPPORTED_PLATFORMS = "iphoneos iphonesimulator";
				SUPPORTS_MACCATALYST = NO;
				SUPPORTS_MAC_DESIGNED_FOR_IPHONE_IPAD = NO;
				SUPPORTS_XR_DESIGNED_FOR_IPHONE_IPAD = NO;
				SWIFT_EMIT_LOC_STRINGS = YES;
				SWIFT_VERSION = 5.0;
				TARGETED_DEVICE_FAMILY = 1;
				VALIDATE_PRODUCT = YES;
			};
			name = Release;
		};
/* End XCBuildConfiguration section */

/* Begin XCConfigurationList section */
		AC99B7302C2CDD84000DBC03 /* Build configuration list for PBXProject "WatchNotesApp" */ = {
			isa = XCConfigurationList;
			buildConfigurations = (
				AC99B7532C2CDD86000DBC03 /* Debug */,
				AC99B7542C2CDD86000DBC03 /* Release */,
			);
			defaultConfigurationIsVisible = 0;
			defaultConfigurationName = Release;
		};
		AC99B7552C2CDD86000DBC03 /* Build configuration list for PBXNativeTarget "WatchNotesApp Watch App" */ = {
			isa = XCConfigurationList;
			buildConfigurations = (
				AC99B7562C2CDD86000DBC03 /* Debug */,
				AC99B7572C2CDD86000DBC03 /* Release */,
			);
			defaultConfigurationIsVisible = 0;
			defaultConfigurationName = Release;
		};
		AC99B7592C2CDD86000DBC03 /* Build configuration list for PBXNativeTarget "WatchNotesApp" */ = {
			isa = XCConfigurationList;
			buildConfigurations = (
				AC99B75A2C2CDD86000DBC03 /* Debug */,
				AC99B75B2C2CDD86000DBC03 /* Release */,
			);
			defaultConfigurationIsVisible = 0;
			defaultConfigurationName = Release;
		};
/* End XCConfigurationList section */
	};
	rootObject = AC99B72D2C2CDD84000DBC03 /* Project object */;
}
